
Microsoft Visual Studio Solution File, Format Version 12.00
# Visual Studio 15
VisualStudioVersion = 15.0.27703.2035
MinimumVisualStudioVersion = 10.0.40219.1
Project("{FAE04EC0-301F-11D3-BF4B-00C04F79EFBC}") = "KwikMedical.Emergency", "KwikMedical.Emergency\KwikMedical.Emergency.csproj", "{DDD634D0-2D9B-4331-A79C-27162E15121E}"
EndProject
Project("{FAE04EC0-301F-11D3-BF4B-00C04F79EFBC}") = "KwikMedical.Office", "KwikMedical.Office\KwikMedical.Office.csproj", "{E39B5D96-353F-4C2B-A41E-1916F8F38332}"
EndProject
Project("{FAE04EC0-301F-11D3-BF4B-00C04F79EFBC}") = "KwikMedical.Ambulance", "KwikMedical.Ambulance\KwikMedical.Ambulance.csproj", "{867FF385-B23B-41AD-973E-EBF8A6964B98}"
EndProject
Global
	GlobalSection(SolutionConfigurationPlatforms) = preSolution
		Debug|Any CPU = Debug|Any CPU
		Release|Any CPU = Release|Any CPU
	EndGlobalSection
	GlobalSection(ProjectConfigurationPlatforms) = postSolution
		{DDD634D0-2D9B-4331-A79C-27162E15121E}.Debug|Any CPU.ActiveCfg = Debug|Any CPU
		{DDD634D0-2D9B-4331-A79C-27162E15121E}.Debug|Any CPU.Build.0 = Debug|Any CPU
		{DDD634D0-2D9B-4331-A79C-27162E15121E}.Release|Any CPU.ActiveCfg = Release|Any CPU
		{DDD634D0-2D9B-4331-A79C-27162E15121E}.Release|Any CPU.Build.0 = Release|Any CPU
		{E39B5D96-353F-4C2B-A41E-1916F8F38332}.Debug|Any CPU.ActiveCfg = Debug|Any CPU
		{E39B5D96-353F-4C2B-A41E-1916F8F38332}.Debug|Any CPU.Build.0 = Debug|Any CPU
		{E39B5D96-353F-4C2B-A41E-1916F8F38332}.Release|Any CPU.ActiveCfg = Release|Any CPU
		{E39B5D96-353F-4C2B-A41E-1916F8F38332}.Release|Any CPU.Build.0 = Release|Any CPU
		{867FF385-B23B-41AD-973E-EBF8A6964B98}.Debug|Any CPU.ActiveCfg = Debug|Any CPU
		{867FF385-B23B-41AD-973E-EBF8A6964B98}.Debug|Any CPU.Build.0 = Debug|Any CPU
		{867FF385-B23B-41AD-973E-EBF8A6964B98}.Release|Any CPU.ActiveCfg = Release|Any CPU
		{867FF385-B23B-41AD-973E-EBF8A6964B98}.Release|Any CPU.Build.0 = Release|Any CPU
	EndGlobalSection
	GlobalSection(SolutionProperties) = preSolution
		HideSolutionNode = FALSE
	EndGlobalSection
	GlobalSection(ExtensibilityGlobals) = postSolution
		SolutionGuid = {B76CDB27-A16A-45F4-BFE0-9B8DCF24127C}
	EndGlobalSection
EndGlobal
